
Microsoft Visual Studio Solution File, Format Version 12.00
# Visual Studio Version 17
VisualStudioVersion = 17.8.34330.188
MinimumVisualStudioVersion = 10.0.40219.1
Project("{F184B08F-C81C-45F6-A57F-5ABD9991F28F}") = "Sum", "Sum\Sum.vbproj", "{05D016F2-F8B5-4F06-9298-AE8888F275DD}"
EndProject
Global
	GlobalSection(SolutionConfigurationPlatforms) = preSolution
		Debug|Any CPU = Debug|Any CPU
		Release|Any CPU = Release|Any CPU
	EndGlobalSection
	GlobalSection(ProjectConfigurationPlatforms) = postSolution
		{05D016F2-F8B5-4F06-9298-AE8888F275DD}.Debug|Any CPU.ActiveCfg = Debug|Any CPU
		{05D016F2-F8B5-4F06-9298-AE8888F275DD}.Debug|Any CPU.Build.0 = Debug|Any CPU
		{05D016F2-F8B5-4F06-9298-AE8888F275DD}.Release|Any CPU.ActiveCfg = Release|Any CPU
		{05D016F2-F8B5-4F06-9298-AE8888F275DD}.Release|Any CPU.Build.0 = Release|Any CPU
	EndGlobalSection
	GlobalSection(SolutionProperties) = preSolution
		HideSolutionNode = FALSE
	EndGlobalSection
	GlobalSection(ExtensibilityGlobals) = postSolution
		SolutionGuid = {44B0B0B9-A3B7-4FED-989D-88F754E79411}
	EndGlobalSection
EndGlobal
