
Microsoft Visual Studio Solution File, Format Version 12.00
# Visual Studio Version 17
VisualStudioVersion = 17.8.34330.188
MinimumVisualStudioVersion = 10.0.40219.1
Project("{F184B08F-C81C-45F6-A57F-5ABD9991F28F}") = "P8", "P8\P8.vbproj", "{8DE0318C-C689-48C1-8A41-1DC7E0B3D28F}"
EndProject
Global
	GlobalSection(SolutionConfigurationPlatforms) = preSolution
		Debug|Any CPU = Debug|Any CPU
		Release|Any CPU = Release|Any CPU
	EndGlobalSection
	GlobalSection(ProjectConfigurationPlatforms) = postSolution
		{8DE0318C-C689-48C1-8A41-1DC7E0B3D28F}.Debug|Any CPU.ActiveCfg = Debug|Any CPU
		{8DE0318C-C689-48C1-8A41-1DC7E0B3D28F}.Debug|Any CPU.Build.0 = Debug|Any CPU
		{8DE0318C-C689-48C1-8A41-1DC7E0B3D28F}.Release|Any CPU.ActiveCfg = Release|Any CPU
		{8DE0318C-C689-48C1-8A41-1DC7E0B3D28F}.Release|Any CPU.Build.0 = Release|Any CPU
	EndGlobalSection
	GlobalSection(SolutionProperties) = preSolution
		HideSolutionNode = FALSE
	EndGlobalSection
	GlobalSection(ExtensibilityGlobals) = postSolution
		SolutionGuid = {DB4E36F4-5504-4B0B-B4C8-8EC781F32FCD}
	EndGlobalSection
EndGlobal
