
Microsoft Visual Studio Solution File, Format Version 12.00
# Visual Studio Version 17
VisualStudioVersion = 17.8.34330.188
MinimumVisualStudioVersion = 10.0.40219.1
Project("{F184B08F-C81C-45F6-A57F-5ABD9991F28F}") = "P4", "P4\P4.vbproj", "{DFB7CFA5-24A4-4DB8-99BD-F258284E7FE6}"
EndProject
Global
	GlobalSection(SolutionConfigurationPlatforms) = preSolution
		Debug|Any CPU = Debug|Any CPU
		Release|Any CPU = Release|Any CPU
	EndGlobalSection
	GlobalSection(ProjectConfigurationPlatforms) = postSolution
		{DFB7CFA5-24A4-4DB8-99BD-F258284E7FE6}.Debug|Any CPU.ActiveCfg = Debug|Any CPU
		{DFB7CFA5-24A4-4DB8-99BD-F258284E7FE6}.Debug|Any CPU.Build.0 = Debug|Any CPU
		{DFB7CFA5-24A4-4DB8-99BD-F258284E7FE6}.Release|Any CPU.ActiveCfg = Release|Any CPU
		{DFB7CFA5-24A4-4DB8-99BD-F258284E7FE6}.Release|Any CPU.Build.0 = Release|Any CPU
	EndGlobalSection
	GlobalSection(SolutionProperties) = preSolution
		HideSolutionNode = FALSE
	EndGlobalSection
	GlobalSection(ExtensibilityGlobals) = postSolution
		SolutionGuid = {5D976FAE-3DF9-46A3-A73C-48D15A3D55AD}
	EndGlobalSection
EndGlobal
